
Microsoft Visual Studio Solution File, Format Version 12.00
# Visual Studio Version 16
VisualStudioVersion = 16.0.30104.148
MinimumVisualStudioVersion = 10.0.40219.1
Project("{FAE04EC0-301F-11D3-BF4B-00C04F79EFBC}") = "TempLoggerService", "TempLoggerService\TempLoggerService.csproj", "{BC1C79A9-04D6-4C3C-AC9B-D0872096D23D}"
EndProject
Project("{9A19103F-16F7-4668-BE54-9A1E7A4F7556}") = "TempLoggerService.ModelsCore", "TempLoggerService.ModelsCore\TempLoggerService.ModelsCore.csproj", "{C81CE88E-4560-4875-A442-7AE76A5B78CE}"
EndProject
Project("{9A19103F-16F7-4668-BE54-9A1E7A4F7556}") = "TempLoggerService.ClientCore", "TempLoggerService.ClientCore\TempLoggerService.ClientCore.csproj", "{83D98B27-9BBC-4D21-BBFD-A14677A46F69}"
EndProject
Project("{9A19103F-16F7-4668-BE54-9A1E7A4F7556}") = "TempLoggerService.ClientCore.Tests", "TempLoggerService.ClientCore.Tests\TempLoggerService.ClientCore.Tests.csproj", "{88A92559-09FF-4C52-B8F8-6773915843B4}"
EndProject
Project("{9A19103F-16F7-4668-BE54-9A1E7A4F7556}") = "TempLoggerService.Api", "TempLoggerService.Api\TempLoggerService.Api.csproj", "{AA559495-1813-4EB7-B714-14656CECB5E9}"
EndProject
Global
	GlobalSection(SolutionConfigurationPlatforms) = preSolution
		Debug|Any CPU = Debug|Any CPU
		Release|Any CPU = Release|Any CPU
	EndGlobalSection
	GlobalSection(ProjectConfigurationPlatforms) = postSolution
		{BC1C79A9-04D6-4C3C-AC9B-D0872096D23D}.Debug|Any CPU.ActiveCfg = Debug|Any CPU
		{BC1C79A9-04D6-4C3C-AC9B-D0872096D23D}.Debug|Any CPU.Build.0 = Debug|Any CPU
		{BC1C79A9-04D6-4C3C-AC9B-D0872096D23D}.Release|Any CPU.ActiveCfg = Release|Any CPU
		{BC1C79A9-04D6-4C3C-AC9B-D0872096D23D}.Release|Any CPU.Build.0 = Release|Any CPU
		{C81CE88E-4560-4875-A442-7AE76A5B78CE}.Debug|Any CPU.ActiveCfg = Debug|Any CPU
		{C81CE88E-4560-4875-A442-7AE76A5B78CE}.Debug|Any CPU.Build.0 = Debug|Any CPU
		{C81CE88E-4560-4875-A442-7AE76A5B78CE}.Release|Any CPU.ActiveCfg = Release|Any CPU
		{C81CE88E-4560-4875-A442-7AE76A5B78CE}.Release|Any CPU.Build.0 = Release|Any CPU
		{83D98B27-9BBC-4D21-BBFD-A14677A46F69}.Debug|Any CPU.ActiveCfg = Debug|Any CPU
		{83D98B27-9BBC-4D21-BBFD-A14677A46F69}.Debug|Any CPU.Build.0 = Debug|Any CPU
		{83D98B27-9BBC-4D21-BBFD-A14677A46F69}.Release|Any CPU.ActiveCfg = Release|Any CPU
		{83D98B27-9BBC-4D21-BBFD-A14677A46F69}.Release|Any CPU.Build.0 = Release|Any CPU
		{88A92559-09FF-4C52-B8F8-6773915843B4}.Debug|Any CPU.ActiveCfg = Debug|Any CPU
		{88A92559-09FF-4C52-B8F8-6773915843B4}.Debug|Any CPU.Build.0 = Debug|Any CPU
		{88A92559-09FF-4C52-B8F8-6773915843B4}.Release|Any CPU.ActiveCfg = Release|Any CPU
		{88A92559-09FF-4C52-B8F8-6773915843B4}.Release|Any CPU.Build.0 = Release|Any CPU
		{AA559495-1813-4EB7-B714-14656CECB5E9}.Debug|Any CPU.ActiveCfg = Debug|Any CPU
		{AA559495-1813-4EB7-B714-14656CECB5E9}.Debug|Any CPU.Build.0 = Debug|Any CPU
		{AA559495-1813-4EB7-B714-14656CECB5E9}.Release|Any CPU.ActiveCfg = Release|Any CPU
		{AA559495-1813-4EB7-B714-14656CECB5E9}.Release|Any CPU.Build.0 = Release|Any CPU
	EndGlobalSection
	GlobalSection(SolutionProperties) = preSolution
		HideSolutionNode = FALSE
	EndGlobalSection
	GlobalSection(ExtensibilityGlobals) = postSolution
		SolutionGuid = {CB02A014-5CD7-4A3A-A435-D05ECA6FA291}
	EndGlobalSection
EndGlobal
